
Microsoft Visual Studio Solution File, Format Version 11.00
# Visual Studio 2010
Project("{FAE04EC0-301F-11D3-BF4B-00C04F79EFBC}") = "exploreAT-unhealthy-healthy", "Assembly-CSharp.csproj", "{52388238-0A20-ED81-5568-8F92FEDDB025}"
EndProject
Global
	GlobalSection(SolutionConfigurationPlatforms) = preSolution
		Debug|Any CPU = Debug|Any CPU
		Release|Any CPU = Release|Any CPU
	EndGlobalSection
	GlobalSection(ProjectConfigurationPlatforms) = postSolution
		{52388238-0A20-ED81-5568-8F92FEDDB025}.Debug|Any CPU.ActiveCfg = Debug|Any CPU
		{52388238-0A20-ED81-5568-8F92FEDDB025}.Debug|Any CPU.Build.0 = Debug|Any CPU
		{52388238-0A20-ED81-5568-8F92FEDDB025}.Release|Any CPU.ActiveCfg = Release|Any CPU
		{52388238-0A20-ED81-5568-8F92FEDDB025}.Release|Any CPU.Build.0 = Release|Any CPU
	EndGlobalSection
	GlobalSection(SolutionProperties) = preSolution
		HideSolutionNode = FALSE
	EndGlobalSection
	GlobalSection(MonoDevelopProperties) = preSolution
		StartupItem = Assembly-CSharp.csproj
	EndGlobalSection
EndGlobal
